
Microsoft Visual Studio Solution File, Format Version 12.00
# Visual Studio Version 17
VisualStudioVersion = 17.10.35122.118
MinimumVisualStudioVersion = 10.0.40219.1
Project("{9A19103F-16F7-4668-BE54-9A1E7A4F7556}") = "PL.BlackBox", "PL.BlackBox\PL.BlackBox.csproj", "{A6DBD320-3073-4FF5-A7E2-E4476FA691AA}"
EndProject
Global
	GlobalSection(SolutionConfigurationPlatforms) = preSolution
		Debug|Any CPU = Debug|Any CPU
		Release|Any CPU = Release|Any CPU
	EndGlobalSection
	GlobalSection(ProjectConfigurationPlatforms) = postSolution
		{A6DBD320-3073-4FF5-A7E2-E4476FA691AA}.Debug|Any CPU.ActiveCfg = Debug|Any CPU
		{A6DBD320-3073-4FF5-A7E2-E4476FA691AA}.Debug|Any CPU.Build.0 = Debug|Any CPU
		{A6DBD320-3073-4FF5-A7E2-E4476FA691AA}.Release|Any CPU.ActiveCfg = Release|Any CPU
		{A6DBD320-3073-4FF5-A7E2-E4476FA691AA}.Release|Any CPU.Build.0 = Release|Any CPU
	EndGlobalSection
	GlobalSection(SolutionProperties) = preSolution
		HideSolutionNode = FALSE
	EndGlobalSection
	GlobalSection(ExtensibilityGlobals) = postSolution
		SolutionGuid = {F3AA42F1-1099-4C54-9DF2-5D8647069C6A}
	EndGlobalSection
EndGlobal
